
Microsoft Visual Studio Solution File, Format Version 11.00
# Visual Studio 2010
Project("{FAE04EC0-301F-11D3-BF4B-00C04F79EFBC}") = "TimeProviderAssembly", "TimeProviderAssembly.csproj", "{bc5d0634-5145-1105-b9f4-cef21adc80a8}"
EndProject
Project("{FAE04EC0-301F-11D3-BF4B-00C04F79EFBC}") = "MainAssembly", "MainAssembly.csproj", "{8d8a08e2-05bb-1c88-cc42-9ab541b9669b}"
EndProject
Global
	GlobalSection(SolutionConfigurationPlatforms) = preSolution
		Debug|Any CPU = Debug|Any CPU
		Release|Any CPU = Release|Any CPU
	EndGlobalSection
	GlobalSection(ProjectConfigurationPlatforms) = postSolution
		{bc5d0634-5145-1105-b9f4-cef21adc80a8}.Debug|Any CPU.ActiveCfg = Debug|Any CPU
		{bc5d0634-5145-1105-b9f4-cef21adc80a8}.Debug|Any CPU.Build.0 = Debug|Any CPU
		{bc5d0634-5145-1105-b9f4-cef21adc80a8}.Release|Any CPU.ActiveCfg = Release|Any CPU
		{bc5d0634-5145-1105-b9f4-cef21adc80a8}.Release|Any CPU.Build.0 = Release|Any CPU
		{8d8a08e2-05bb-1c88-cc42-9ab541b9669b}.Debug|Any CPU.ActiveCfg = Debug|Any CPU
		{8d8a08e2-05bb-1c88-cc42-9ab541b9669b}.Debug|Any CPU.Build.0 = Debug|Any CPU
		{8d8a08e2-05bb-1c88-cc42-9ab541b9669b}.Release|Any CPU.ActiveCfg = Release|Any CPU
		{8d8a08e2-05bb-1c88-cc42-9ab541b9669b}.Release|Any CPU.Build.0 = Release|Any CPU
	EndGlobalSection
	GlobalSection(SolutionProperties) = preSolution
		HideSolutionNode = FALSE
	EndGlobalSection
EndGlobal
